<?xml version="1.0" encoding="UTF-8"?>
<!DOCTYPE plist PUBLIC "-//Apple//DTD PLIST 1.0//EN" "http://www.apple.com/DTDs/PropertyList-1.0.dtd">
<plist version="1.0">
<dict>
	<key>archiveVersion</key>
	<string>1</string>
	<key>classes</key>
	<dict/>
	<key>objectVersion</key>
	<string>46</string>
	<key>objects</key>
	<dict>
		<key>01D402221ACB4FD3948D3CB9</key>
		<dict>
			<key>includeInIndex</key>
			<string>1</string>
			<key>isa</key>
			<string>PBXFileReference</string>
			<key>lastKnownFileType</key>
			<string>sourcecode.c.h</string>
			<key>name</key>
			<string>NSNumberFormatter.h</string>
			<key>path</key>
			<string>vendor/Pods/Headers/FoundationExtension/NSNumberFormatter.h</string>
			<key>sourceTree</key>
			<string>SOURCE_ROOT</string>
		</dict>
		<key>01F70275170E40D79B3CE824</key>
		<dict>
			<key>fileRef</key>
			<string>55F9D28747444709A1E58FA2</string>
			<key>isa</key>
			<string>PBXBuildFile</string>
			<key>settings</key>
			<dict/>
		</dict>
		<key>02E0385850834A3DB0E9B843</key>
		<dict>
			<key>includeInIndex</key>
			<string>1</string>
			<key>isa</key>
			<string>PBXFileReference</string>
			<key>lastKnownFileType</key>
			<string>sourcecode.c.h</string>
			<key>name</key>
			<string>debug.h</string>
			<key>path</key>
			<string>vendor/Pods/Headers/cdebug/debug.h</string>
			<key>sourceTree</key>
			<string>SOURCE_ROOT</string>
		</dict>
		<key>0B1D8347E37A4BE6BCD10430</key>
		<dict>
			<key>includeInIndex</key>
			<string>1</string>
			<key>isa</key>
			<string>PBXFileReference</string>
			<key>lastKnownFileType</key>
			<string>sourcecode.c.h</string>
			<key>name</key>
			<string>UI7BarButtonItem.h</string>
			<key>path</key>
			<string>vendor/Pods/Headers/UI7Kit/UI7Kit/UI7BarButtonItem.h</string>
			<key>sourceTree</key>
			<string>SOURCE_ROOT</string>
		</dict>
		<key>0BAB1A72AAE74AA880802FEA</key>
		<dict>
			<key>includeInIndex</key>
			<string>1</string>
			<key>isa</key>
			<string>PBXFileReference</string>
			<key>lastKnownFileType</key>
			<string>sourcecode.c.h</string>
			<key>name</key>
			<string>NSStringEncoding.h</string>
			<key>path</key>
			<string>vendor/Pods/Headers/FoundationExtension/NSStringEncoding.h</string>
			<key>sourceTree</key>
			<string>SOURCE_ROOT</string>
		</dict>
		<key>0FAD4903C349443A991B0043</key>
		<dict>
			<key>includeInIndex</key>
			<string>1</string>
			<key>isa</key>
			<string>PBXFileReference</string>
			<key>lastKnownFileType</key>
			<string>sourcecode.c.h</string>
			<key>name</key>
			<string>UI7Button.h</string>
			<key>path</key>
			<string>vendor/Pods/Headers/UI7Kit/UI7Kit/UI7Button.h</string>
			<key>sourceTree</key>
			<string>SOURCE_ROOT</string>
		</dict>
		<key>1163D16087984B51869DBB52</key>
		<dict>
			<key>includeInIndex</key>
			<string>1</string>
			<key>isa</key>
			<string>PBXFileReference</string>
			<key>lastKnownFileType</key>
			<string>sourcecode.c.objc</string>
			<key>name</key>
			<string>Stubs.m</string>
			<key>path</key>
			<string>ib.xcodeproj/Stubs.m</string>
			<key>sourceTree</key>
			<string>SOURCE_ROOT</string>
		</dict>
		<key>1664143134004014AE139DE7</key>
		<dict>
			<key>includeInIndex</key>
			<string>1</string>
			<key>isa</key>
			<string>PBXFileReference</string>
			<key>lastKnownFileType</key>
			<string>sourcecode.c.h</string>
			<key>name</key>
			<string>NSACommonDigest.h</string>
			<key>path</key>
			<string>vendor/Pods/Headers/FoundationExtension/NSACommonDigest.h</string>
			<key>sourceTree</key>
			<string>SOURCE_ROOT</string>
		</dict>
		<key>181EE8FEE17D4EA982C308A0</key>
		<dict>
			<key>includeInIndex</key>
			<string>1</string>
			<key>isa</key>
			<string>PBXFileReference</string>
			<key>lastKnownFileType</key>
			<string>sourcecode.c.h</string>
			<key>name</key>
			<string>Stubs.h</string>
			<key>path</key>
			<string>ib.xcodeproj/Stubs.h</string>
			<key>sourceTree</key>
			<string>SOURCE_ROOT</string>
		</dict>
		<key>1855041D7FA34E9DB98A3FFB</key>
		<dict>
			<key>includeInIndex</key>
			<string>1</string>
			<key>isa</key>
			<string>PBXFileReference</string>
			<key>lastKnownFileType</key>
			<string>sourcecode.c.h</string>
			<key>name</key>
			<string>NSADataObject.h</string>
			<key>path</key>
			<string>vendor/Pods/Headers/FoundationExtension/NSADataObject.h</string>
			<key>sourceTree</key>
			<string>SOURCE_ROOT</string>
		</dict>
		<key>1C2F8517DBD14695847A03C5</key>
		<dict>
			<key>includeInIndex</key>
			<string>1</string>
			<key>isa</key>
			<string>PBXFileReference</string>
			<key>lastKnownFileType</key>
			<string>sourcecode.c.h</string>
			<key>name</key>
			<string>NSArray.h</string>
			<key>path</key>
			<string>vendor/Pods/Headers/FoundationExtension/NSArray.h</string>
			<key>sourceTree</key>
			<string>SOURCE_ROOT</string>
		</dict>
		<key>21C9FD095A75439491B562EF</key>
		<dict>
			<key>includeInIndex</key>
			<string>1</string>
			<key>isa</key>
			<string>PBXFileReference</string>
			<key>lastKnownFileType</key>
			<string>sourcecode.c.h</string>
			<key>name</key>
			<string>NSString.h</string>
			<key>path</key>
			<string>vendor/Pods/Headers/FoundationExtension/NSString.h</string>
			<key>sourceTree</key>
			<string>SOURCE_ROOT</string>
		</dict>
		<key>23301C4D0CDC483680B7CF89</key>
		<dict>
			<key>includeInIndex</key>
			<string>1</string>
			<key>isa</key>
			<string>PBXFileReference</string>
			<key>lastKnownFileType</key>
			<string>sourcecode.c.h</string>
			<key>name</key>
			<string>UIControl.h</string>
			<key>path</key>
			<string>vendor/Pods/Headers/FoundationExtension/UIKitExtension/UIControl.h</string>
			<key>sourceTree</key>
			<string>SOURCE_ROOT</string>
		</dict>
		<key>23AB10DE79884521834C6D7E</key>
		<dict>
			<key>includeInIndex</key>
			<string>1</string>
			<key>isa</key>
			<string>PBXFileReference</string>
			<key>lastKnownFileType</key>
			<string>sourcecode.c.h</string>
			<key>name</key>
			<string>NSBundle.h</string>
			<key>path</key>
			<string>vendor/Pods/Headers/FoundationExtension/NSBundle.h</string>
			<key>sourceTree</key>
			<string>SOURCE_ROOT</string>
		</dict>
		<key>240338E394954CF9B552812E</key>
		<dict>
			<key>includeInIndex</key>
			<string>1</string>
			<key>isa</key>
			<string>PBXFileReference</string>
			<key>lastKnownFileType</key>
			<string>sourcecode.c.h</string>
			<key>name</key>
			<string>NSDictionary.h</string>
			<key>path</key>
			<string>vendor/Pods/Headers/FoundationExtension/NSDictionary.h</string>
			<key>sourceTree</key>
			<string>SOURCE_ROOT</string>
		</dict>
		<key>2A5BBEECB779437983F83B87</key>
		<dict>
			<key>includeInIndex</key>
			<string>1</string>
			<key>isa</key>
			<string>PBXFileReference</string>
			<key>lastKnownFileType</key>
			<string>sourcecode.c.h</string>
			<key>name</key>
			<string>UIActivityIndicatorView.h</string>
			<key>path</key>
			<string>vendor/Pods/Headers/FoundationExtension/UIKitExtension/UIActivityIndicatorView.h</string>
			<key>sourceTree</key>
			<string>SOURCE_ROOT</string>
		</dict>
		<key>2C8E38C4800B4493B70C5C4A</key>
		<dict>
			<key>includeInIndex</key>
			<string>1</string>
			<key>isa</key>
			<string>PBXFileReference</string>
			<key>lastKnownFileType</key>
			<string>sourcecode.c.h</string>
			<key>name</key>
			<string>UIColor.h</string>
			<key>path</key>
			<string>vendor/Pods/Headers/FoundationExtension/UIKitExtension/UIColor.h</string>
			<key>sourceTree</key>
			<string>SOURCE_ROOT</string>
		</dict>
		<key>2EE8AE4DB42E4CE5B61A9A47</key>
		<dict>
			<key>includeInIndex</key>
			<string>1</string>
			<key>isa</key>
			<string>PBXFileReference</string>
			<key>lastKnownFileType</key>
			<string>sourcecode.c.h</string>
			<key>name</key>
			<string>NSNull.h</string>
			<key>path</key>
			<string>vendor/Pods/Headers/FoundationExtension/NSNull.h</string>
			<key>sourceTree</key>
			<string>SOURCE_ROOT</string>
		</dict>
		<key>330673A03BDB43B58F47DD62</key>
		<dict>
			<key>includeInIndex</key>
			<string>1</string>
			<key>isa</key>
			<string>PBXFileReference</string>
			<key>lastKnownFileType</key>
			<string>sourcecode.c.h</string>
			<key>name</key>
			<string>NSObject.h</string>
			<key>path</key>
			<string>vendor/Pods/Headers/FoundationExtension/NSObject.h</string>
			<key>sourceTree</key>
			<string>SOURCE_ROOT</string>
		</dict>
		<key>4301C4A6C8D74EC7BBE7DA28</key>
		<dict>
			<key>buildConfigurations</key>
			<array>
				<string>B70467304C90405AAF5C364E</string>
				<string>D907F54D766842E2AE773B7C</string>
			</array>
			<key>defaultConfigurationIsVisible</key>
			<string>0</string>
			<key>defaultConfigurationName</key>
			<string>Release</string>
			<key>isa</key>
			<string>XCConfigurationList</string>
		</dict>
		<key>4DDA3DB32FB04736A495A671</key>
		<dict>
			<key>includeInIndex</key>
			<string>1</string>
			<key>isa</key>
			<string>PBXFileReference</string>
			<key>lastKnownFileType</key>
			<string>sourcecode.c.h</string>
			<key>name</key>
			<string>NSURLRequestCreations.h</string>
			<key>path</key>
			<string>vendor/Pods/Headers/FoundationExtension/NSURLRequestCreations.h</string>
			<key>sourceTree</key>
			<string>SOURCE_ROOT</string>
		</dict>
		<key>511CFA0EE58747328ADA9CC2</key>
		<dict>
			<key>includeInIndex</key>
			<string>1</string>
			<key>isa</key>
			<string>PBXFileReference</string>
			<key>lastKnownFileType</key>
			<string>sourcecode.c.h</string>
			<key>name</key>
			<string>UIAPlaceholderTextView.h</string>
			<key>path</key>
			<string>vendor/Pods/Headers/FoundationExtension/UIKitExtension/UIAPlaceholderTextView.h</string>
			<key>sourceTree</key>
			<string>SOURCE_ROOT</string>
		</dict>
		<key>55AF78FED277476DAA20E39E</key>
		<dict>
			<key>includeInIndex</key>
			<string>1</string>
			<key>isa</key>
			<string>PBXFileReference</string>
			<key>lastKnownFileType</key>
			<string>sourcecode.c.h</string>
			<key>name</key>
			<string>NSURLRequest.h</string>
			<key>path</key>
			<string>vendor/Pods/Headers/FoundationExtension/NSURLRequest.h</string>
			<key>sourceTree</key>
			<string>SOURCE_ROOT</string>
		</dict>
		<key>55F9D28747444709A1E58FA2</key>
		<dict>
			<key>includeInIndex</key>
			<string>1</string>
			<key>isa</key>
			<string>PBXFileReference</string>
			<key>lastKnownFileType</key>
			<string>wrapper.framework</string>
			<key>name</key>
			<string>Foundation.framework</string>
			<key>path</key>
			<string>Platforms/iPhoneOS.platform/Developer/SDKs/iPhoneOS6.1.sdk/System/Library/Frameworks/Foundation.framework</string>
			<key>sourceTree</key>
			<string>DEVELOPER_DIR</string>
		</dict>
		<key>564754E4A0B1447FB08C9A99</key>
		<dict>
			<key>fileRef</key>
			<string>1163D16087984B51869DBB52</string>
			<key>isa</key>
			<string>PBXBuildFile</string>
			<key>settings</key>
			<dict/>
		</dict>
		<key>5D529F9932CE4C679E68C87E</key>
		<dict>
			<key>children</key>
			<array>
				<string>AC3ADFCE603149CE9C961A39</string>
				<string>68515C84E72B489396304CCF</string>
				<string>78D21D5FF61049EBB3843165</string>
				<string>C091B55BF6A0487380FCA334</string>
				<string>6DA9577C3FC44D96ADEE12A8</string>
			</array>
			<key>isa</key>
			<string>PBXGroup</string>
			<key>sourceTree</key>
			<string>&lt;group&gt;</string>
		</dict>
		<key>5F49A0B6970241958163A8F8</key>
		<dict>
			<key>includeInIndex</key>
			<string>1</string>
			<key>isa</key>
			<string>PBXFileReference</string>
			<key>lastKnownFileType</key>
			<string>sourcecode.c.h</string>
			<key>name</key>
			<string>NSNumber.h</string>
			<key>path</key>
			<string>vendor/Pods/Headers/FoundationExtension/NSNumber.h</string>
			<key>sourceTree</key>
			<string>SOURCE_ROOT</string>
		</dict>
		<key>61E2D814D0E7492FB84BD179</key>
		<dict>
			<key>includeInIndex</key>
			<string>1</string>
			<key>isa</key>
			<string>PBXFileReference</string>
			<key>lastKnownFileType</key>
			<string>sourcecode.c.h</string>
			<key>name</key>
			<string>UI7Toolbar.h</string>
			<key>path</key>
			<string>vendor/Pods/Headers/UI7Kit/UI7Kit/UI7Toolbar.h</string>
			<key>sourceTree</key>
			<string>SOURCE_ROOT</string>
		</dict>
		<key>648263C885184BF0A0268160</key>
		<dict>
			<key>buildConfigurations</key>
			<array>
				<string>C51B036773F2473DADCE8102</string>
				<string>C0F7A996FDA748729BEDA746</string>
			</array>
			<key>defaultConfigurationIsVisible</key>
			<string>0</string>
			<key>defaultConfigurationName</key>
			<string>Release</string>
			<key>isa</key>
			<string>XCConfigurationList</string>
		</dict>
		<key>669149C56C954E65B79066BF</key>
		<dict>
			<key>explicitFileType</key>
			<string>archive.ar</string>
			<key>includeInIndex</key>
			<string>0</string>
			<key>isa</key>
			<string>PBXFileReference</string>
			<key>name</key>
			<string>libib.a</string>
			<key>path</key>
			<string>libib.a</string>
			<key>sourceTree</key>
			<string>BUILT_PRODUCTS_DIR</string>
		</dict>
		<key>68515C84E72B489396304CCF</key>
		<dict>
			<key>children</key>
			<array>
				<string>55F9D28747444709A1E58FA2</string>
				<string>D0C441FBA6AB437D836D8BB5</string>
				<string>6AA0981E3A984067BA7B9B4B</string>
				<string>AE85CC11B1E54C1F914F6870</string>
			</array>
			<key>isa</key>
			<string>PBXGroup</string>
			<key>name</key>
			<string>Frameworks</string>
			<key>sourceTree</key>
			<string>&lt;group&gt;</string>
		</dict>
		<key>6AA0981E3A984067BA7B9B4B</key>
		<dict>
			<key>includeInIndex</key>
			<string>1</string>
			<key>isa</key>
			<string>PBXFileReference</string>
			<key>lastKnownFileType</key>
			<string>wrapper.framework</string>
			<key>name</key>
			<string>CoreGraphics.framework</string>
			<key>path</key>
			<string>Platforms/iPhoneOS.platform/Developer/SDKs/iPhoneOS6.1.sdk/System/Library/Frameworks/CoreGraphics.framework</string>
			<key>sourceTree</key>
			<string>DEVELOPER_DIR</string>
		</dict>
		<key>6AFF1442BA934CFF88F92E61</key>
		<dict>
			<key>includeInIndex</key>
			<string>1</string>
			<key>isa</key>
			<string>PBXFileReference</string>
			<key>lastKnownFileType</key>
			<string>sourcecode.c.h</string>
			<key>name</key>
			<string>UI7Switch.h</string>
			<key>path</key>
			<string>vendor/Pods/Headers/UI7Kit/UI7Kit/UI7Switch.h</string>
			<key>sourceTree</key>
			<string>SOURCE_ROOT</string>
		</dict>
		<key>6BED5F510A444C7EA0A52ED1</key>
		<dict>
			<key>includeInIndex</key>
			<string>1</string>
			<key>isa</key>
			<string>PBXFileReference</string>
			<key>lastKnownFileType</key>
			<string>sourcecode.c.h</string>
			<key>name</key>
			<string>NSValue.h</string>
			<key>path</key>
			<string>vendor/Pods/Headers/FoundationExtension/NSValue.h</string>
			<key>sourceTree</key>
			<string>SOURCE_ROOT</string>
		</dict>
		<key>6BF17362C63C47748FFB5936</key>
		<dict>
			<key>includeInIndex</key>
			<string>1</string>
			<key>isa</key>
			<string>PBXFileReference</string>
			<key>lastKnownFileType</key>
			<string>sourcecode.c.h</string>
			<key>name</key>
			<string>UIAViewController.h</string>
			<key>path</key>
			<string>vendor/Pods/Headers/FoundationExtension/UIKitExtension/UIAViewController.h</string>
			<key>sourceTree</key>
			<string>SOURCE_ROOT</string>
		</dict>
		<key>6CE973A1CF414885AB492A9B</key>
		<dict>
			<key>includeInIndex</key>
			<string>1</string>
			<key>isa</key>
			<string>PBXFileReference</string>
			<key>lastKnownFileType</key>
			<string>sourcecode.c.h</string>
			<key>name</key>
			<string>NSAOrderedDictionary.h</string>
			<key>path</key>
			<string>vendor/Pods/Headers/FoundationExtension/NSAOrderedDictionary.h</string>
			<key>sourceTree</key>
			<string>SOURCE_ROOT</string>
		</dict>
		<key>6DA9577C3FC44D96ADEE12A8</key>
		<dict>
			<key>children</key>
			<array>
				<string>02E0385850834A3DB0E9B843</string>
				<string>FB1EF38F532841E7A0D7A5FA</string>
				<string>A4B55F615AFE4886B9ADAA66</string>
				<string>9EDE08A754604CF0A2FC9D88</string>
				<string>8B65B27E3D834D47B0D24E83</string>
				<string>1664143134004014AE139DE7</string>
				<string>1855041D7FA34E9DB98A3FFB</string>
				<string>CEA2F0B09EB24BA0AF2EEB33</string>
				<string>8D9F3B9F0880433CBBE53EF2</string>
				<string>6CE973A1CF414885AB492A9B</string>
				<string>C47F0B3A8D264F99B1E8C9DD</string>
				<string>1C2F8517DBD14695847A03C5</string>
				<string>862B4138CC6C43ECBBB7B779</string>
				<string>AE586BA8267743EAB5109490</string>
				<string>23AB10DE79884521834C6D7E</string>
				<string>B764604C59F747A8B7FEEBD7</string>
				<string>B306CCFEB645455BBBE19F85</string>
				<string>240338E394954CF9B552812E</string>
				<string>E67B719786884FC6936F8290</string>
				<string>2EE8AE4DB42E4CE5B61A9A47</string>
				<string>5F49A0B6970241958163A8F8</string>
				<string>01D402221ACB4FD3948D3CB9</string>
				<string>330673A03BDB43B58F47DD62</string>
				<string>9FF6A7F73BE0497FA2B68E91</string>
				<string>21C9FD095A75439491B562EF</string>
				<string>0BAB1A72AAE74AA880802FEA</string>
				<string>7006E7FC66CC4601BDA3A7E1</string>
				<string>97534BC336084C6B9C2C616B</string>
				<string>55AF78FED277476DAA20E39E</string>
				<string>4DDA3DB32FB04736A495A671</string>
				<string>6BED5F510A444C7EA0A52ED1</string>
				<string>D27E35B8DDAB44E38897FE1C</string>
				<string>2A5BBEECB779437983F83B87</string>
				<string>8C6F2CDCCF3D44E1878737F8</string>
				<string>511CFA0EE58747328ADA9CC2</string>
				<string>CCCFA100A483407A866F7D10</string>
				<string>90C6EE13CAA443A4839D4536</string>
				<string>EB5BB5B38FAC4814BFD937DC</string>
				<string>7C1B0588E7E24D33BA59A337</string>
				<string>6F8E24C91AFB4CBBA83C4844</string>
				<string>9EEF7EC9DE6D4E9D892ACC6B</string>
				<string>6BF17362C63C47748FFB5936</string>
				<string>2C8E38C4800B4493B70C5C4A</string>
				<string>23301C4D0CDC483680B7CF89</string>
				<string>6E0A06D90CF54CF79191AA56</string>
				<string>B3DA898ED5D54AAF805F99F9</string>
				<string>7064E1D0E325427886B22FD8</string>
				<string>AA1D7149CC9543B5BA407DB7</string>
				<string>ACA1AA3B53444F839640CD68</string>
				<string>DC7DBA111018456F96728CA6</string>
				<string>ABE259015CFF48DD85D98385</string>
				<string>88476A1C3B7F464F867D0EE3</string>
				<string>DBDC88B6F2FE44E5B08B23A5</string>
				<string>0B1D8347E37A4BE6BCD10430</string>
				<string>0FAD4903C349443A991B0043</string>
				<string>A2998800DDB5480082CE3723</string>
				<string>9515A0745B6D43BFB74603AF</string>
				<string>7F9A1A2BC9F24660B27082F4</string>
				<string>6AFF1442BA934CFF88F92E61</string>
				<string>CD156805D6EE4E4389D0E91A</string>
				<string>61E2D814D0E7492FB84BD179</string>
				<string>A0AF1364AE21495E92F9D632</string>
				<string>F4BD4E53424E4F03BB3C8BCB</string>
			</array>
			<key>isa</key>
			<string>PBXGroup</string>
			<key>name</key>
			<string>Pods</string>
			<key>path</key>
			<string>vendor/Pods/Headers</string>
			<key>sourceTree</key>
			<string>&lt;group&gt;</string>
		</dict>
		<key>6E0A06D90CF54CF79191AA56</key>
		<dict>
			<key>includeInIndex</key>
			<string>1</string>
			<key>isa</key>
			<string>PBXFileReference</string>
			<key>lastKnownFileType</key>
			<string>sourcecode.c.h</string>
			<key>name</key>
			<string>UIDevice.h</string>
			<key>path</key>
			<string>vendor/Pods/Headers/FoundationExtension/UIKitExtension/UIDevice.h</string>
			<key>sourceTree</key>
			<string>SOURCE_ROOT</string>
		</dict>
		<key>6F8E24C91AFB4CBBA83C4844</key>
		<dict>
			<key>includeInIndex</key>
			<string>1</string>
			<key>isa</key>
			<string>PBXFileReference</string>
			<key>lastKnownFileType</key>
			<string>sourcecode.c.h</string>
			<key>name</key>
			<string>UIATableView.h</string>
			<key>path</key>
			<string>vendor/Pods/Headers/FoundationExtension/UIKitExtension/UIATableView.h</string>
			<key>sourceTree</key>
			<string>SOURCE_ROOT</string>
		</dict>
		<key>7006E7FC66CC4601BDA3A7E1</key>
		<dict>
			<key>includeInIndex</key>
			<string>1</string>
			<key>isa</key>
			<string>PBXFileReference</string>
			<key>lastKnownFileType</key>
			<string>sourcecode.c.h</string>
			<key>name</key>
			<string>NSTimer.h</string>
			<key>path</key>
			<string>vendor/Pods/Headers/FoundationExtension/NSTimer.h</string>
			<key>sourceTree</key>
			<string>SOURCE_ROOT</string>
		</dict>
		<key>7064E1D0E325427886B22FD8</key>
		<dict>
			<key>includeInIndex</key>
			<string>1</string>
			<key>isa</key>
			<string>PBXFileReference</string>
			<key>lastKnownFileType</key>
			<string>sourcecode.c.h</string>
			<key>name</key>
			<string>UIKitExtension.h</string>
			<key>path</key>
			<string>vendor/Pods/Headers/FoundationExtension/UIKitExtension/UIKitExtension.h</string>
			<key>sourceTree</key>
			<string>SOURCE_ROOT</string>
		</dict>
		<key>709AC55DFC31471688981222</key>
		<dict>
			<key>buildActionMask</key>
			<string>2147483647</string>
			<key>files</key>
			<array>
				<string>01F70275170E40D79B3CE824</string>
			</array>
			<key>isa</key>
			<string>PBXFrameworksBuildPhase</string>
			<key>runOnlyForDeploymentPostprocessing</key>
			<string>0</string>
		</dict>
		<key>78D21D5FF61049EBB3843165</key>
		<dict>
			<key>children</key>
			<array>
				<string>ABFD35D497274AD08ABB6616</string>
				<string>E5D6B41A17B74C4386C23DE0</string>
			</array>
			<key>isa</key>
			<string>PBXGroup</string>
			<key>name</key>
			<string>Resources</string>
			<key>path</key>
			<string>resources</string>
			<key>sourceTree</key>
			<string>&lt;group&gt;</string>
		</dict>
		<key>7C1B0588E7E24D33BA59A337</key>
		<dict>
			<key>includeInIndex</key>
			<string>1</string>
			<key>isa</key>
			<string>PBXFileReference</string>
			<key>lastKnownFileType</key>
			<string>sourcecode.c.h</string>
			<key>name</key>
			<string>UIASubviewTableView.h</string>
			<key>path</key>
			<string>vendor/Pods/Headers/FoundationExtension/UIKitExtension/UIASubviewTableView.h</string>
			<key>sourceTree</key>
			<string>SOURCE_ROOT</string>
		</dict>
		<key>7F9A1A2BC9F24660B27082F4</key>
		<dict>
			<key>includeInIndex</key>
			<string>1</string>
			<key>isa</key>
			<string>PBXFileReference</string>
			<key>lastKnownFileType</key>
			<string>sourcecode.c.h</string>
			<key>name</key>
			<string>UI7NavigationController.h</string>
			<key>path</key>
			<string>vendor/Pods/Headers/UI7Kit/UI7Kit/UI7NavigationController.h</string>
			<key>sourceTree</key>
			<string>SOURCE_ROOT</string>
		</dict>
		<key>853F6A4528B44312AD857821</key>
		<dict>
			<key>buildConfigurationList</key>
			<string>4301C4A6C8D74EC7BBE7DA28</string>
			<key>buildPhases</key>
			<array>
				<string>DCE8EAE75B7540ABB8CC269B</string>
				<string>709AC55DFC31471688981222</string>
			</array>
			<key>buildRules</key>
			<array/>
			<key>dependencies</key>
			<array/>
			<key>isa</key>
			<string>PBXNativeTarget</string>
			<key>name</key>
			<string>ib</string>
			<key>productName</key>
			<string>ib</string>
			<key>productReference</key>
			<string>669149C56C954E65B79066BF</string>
			<key>productType</key>
			<string>com.apple.product-type.library.static</string>
		</dict>
		<key>862B4138CC6C43ECBBB7B779</key>
		<dict>
			<key>includeInIndex</key>
			<string>1</string>
			<key>isa</key>
			<string>PBXFileReference</string>
			<key>lastKnownFileType</key>
			<string>sourcecode.c.h</string>
			<key>name</key>
			<string>NSAString.h</string>
			<key>path</key>
			<string>vendor/Pods/Headers/FoundationExtension/NSAString.h</string>
			<key>sourceTree</key>
			<string>SOURCE_ROOT</string>
		</dict>
		<key>88476A1C3B7F464F867D0EE3</key>
		<dict>
			<key>includeInIndex</key>
			<string>1</string>
			<key>isa</key>
			<string>PBXFileReference</string>
			<key>lastKnownFileType</key>
			<string>sourcecode.c.h</string>
			<key>name</key>
			<string>UIWebView.h</string>
			<key>path</key>
			<string>vendor/Pods/Headers/FoundationExtension/UIKitExtension/UIWebView.h</string>
			<key>sourceTree</key>
			<string>SOURCE_ROOT</string>
		</dict>
		<key>8B65B27E3D834D47B0D24E83</key>
		<dict>
			<key>includeInIndex</key>
			<string>1</string>
			<key>isa</key>
			<string>PBXFileReference</string>
			<key>lastKnownFileType</key>
			<string>sourcecode.c.h</string>
			<key>name</key>
			<string>NSACommonCrypto.h</string>
			<key>path</key>
			<string>vendor/Pods/Headers/FoundationExtension/NSACommonCrypto.h</string>
			<key>sourceTree</key>
			<string>SOURCE_ROOT</string>
		</dict>
		<key>8C6F2CDCCF3D44E1878737F8</key>
		<dict>
			<key>includeInIndex</key>
			<string>1</string>
			<key>isa</key>
			<string>PBXFileReference</string>
			<key>lastKnownFileType</key>
			<string>sourcecode.c.h</string>
			<key>name</key>
			<string>UIAlertView.h</string>
			<key>path</key>
			<string>vendor/Pods/Headers/FoundationExtension/UIKitExtension/UIAlertView.h</string>
			<key>sourceTree</key>
			<string>SOURCE_ROOT</string>
		</dict>
		<key>8D9F3B9F0880433CBBE53EF2</key>
		<dict>
			<key>includeInIndex</key>
			<string>1</string>
			<key>isa</key>
			<string>PBXFileReference</string>
			<key>lastKnownFileType</key>
			<string>sourcecode.c.h</string>
			<key>name</key>
			<string>NSAFunctional.h</string>
			<key>path</key>
			<string>vendor/Pods/Headers/FoundationExtension/NSAFunctional.h</string>
			<key>sourceTree</key>
			<string>SOURCE_ROOT</string>
		</dict>
		<key>90C6EE13CAA443A4839D4536</key>
		<dict>
			<key>includeInIndex</key>
			<string>1</string>
			<key>isa</key>
			<string>PBXFileReference</string>
			<key>lastKnownFileType</key>
			<string>sourcecode.c.h</string>
			<key>name</key>
			<string>UIAPreparedCellTableView.h</string>
			<key>path</key>
			<string>vendor/Pods/Headers/FoundationExtension/UIKitExtension/UIAPreparedCellTableView.h</string>
			<key>sourceTree</key>
			<string>SOURCE_ROOT</string>
		</dict>
		<key>9515A0745B6D43BFB74603AF</key>
		<dict>
			<key>includeInIndex</key>
			<string>1</string>
			<key>isa</key>
			<string>PBXFileReference</string>
			<key>lastKnownFileType</key>
			<string>sourcecode.c.h</string>
			<key>name</key>
			<string>UI7NavigationBar.h</string>
			<key>path</key>
			<string>vendor/Pods/Headers/UI7Kit/UI7Kit/UI7NavigationBar.h</string>
			<key>sourceTree</key>
			<string>SOURCE_ROOT</string>
		</dict>
		<key>97534BC336084C6B9C2C616B</key>
		<dict>
			<key>includeInIndex</key>
			<string>1</string>
			<key>isa</key>
			<string>PBXFileReference</string>
			<key>lastKnownFileType</key>
			<string>sourcecode.c.h</string>
			<key>name</key>
			<string>NSURL.h</string>
			<key>path</key>
			<string>vendor/Pods/Headers/FoundationExtension/NSURL.h</string>
			<key>sourceTree</key>
			<string>SOURCE_ROOT</string>
		</dict>
		<key>9EDE08A754604CF0A2FC9D88</key>
		<dict>
			<key>includeInIndex</key>
			<string>1</string>
			<key>isa</key>
			<string>PBXFileReference</string>
			<key>lastKnownFileType</key>
			<string>sourcecode.c.h</string>
			<key>name</key>
			<string>NSAClass.h</string>
			<key>path</key>
			<string>vendor/Pods/Headers/FoundationExtension/NSAClass.h</string>
			<key>sourceTree</key>
			<string>SOURCE_ROOT</string>
		</dict>
		<key>9EEF7EC9DE6D4E9D892ACC6B</key>
		<dict>
			<key>includeInIndex</key>
			<string>1</string>
			<key>isa</key>
			<string>PBXFileReference</string>
			<key>lastKnownFileType</key>
			<string>sourcecode.c.h</string>
			<key>name</key>
			<string>UIAView.h</string>
			<key>path</key>
			<string>vendor/Pods/Headers/FoundationExtension/UIKitExtension/UIAView.h</string>
			<key>sourceTree</key>
			<string>SOURCE_ROOT</string>
		</dict>
		<key>9FF6A7F73BE0497FA2B68E91</key>
		<dict>
			<key>includeInIndex</key>
			<string>1</string>
			<key>isa</key>
			<string>PBXFileReference</string>
			<key>lastKnownFileType</key>
			<string>sourcecode.c.h</string>
			<key>name</key>
			<string>NSPathUtilities.h</string>
			<key>path</key>
			<string>vendor/Pods/Headers/FoundationExtension/NSPathUtilities.h</string>
			<key>sourceTree</key>
			<string>SOURCE_ROOT</string>
		</dict>
		<key>A0AF1364AE21495E92F9D632</key>
		<dict>
			<key>includeInIndex</key>
			<string>1</string>
			<key>isa</key>
			<string>PBXFileReference</string>
			<key>lastKnownFileType</key>
			<string>sourcecode.c.h</string>
			<key>name</key>
			<string>UI7Utilities.h</string>
			<key>path</key>
			<string>vendor/Pods/Headers/UI7Kit/UI7Kit/UI7Utilities.h</string>
			<key>sourceTree</key>
			<string>SOURCE_ROOT</string>
		</dict>
		<key>A2998800DDB5480082CE3723</key>
		<dict>
			<key>includeInIndex</key>
			<string>1</string>
			<key>isa</key>
			<string>PBXFileReference</string>
			<key>lastKnownFileType</key>
			<string>sourcecode.c.h</string>
			<key>name</key>
			<string>UI7Kit.h</string>
			<key>path</key>
			<string>vendor/Pods/Headers/UI7Kit/UI7Kit/UI7Kit.h</string>
			<key>sourceTree</key>
			<string>SOURCE_ROOT</string>
		</dict>
		<key>A4B55F615AFE4886B9ADAA66</key>
		<dict>
			<key>includeInIndex</key>
			<string>1</string>
			<key>isa</key>
			<string>PBXFileReference</string>
			<key>lastKnownFileType</key>
			<string>sourcecode.c.h</string>
			<key>name</key>
			<string>NSAArray.h</string>
			<key>path</key>
			<string>vendor/Pods/Headers/FoundationExtension/NSAArray.h</string>
			<key>sourceTree</key>
			<string>SOURCE_ROOT</string>
		</dict>
		<key>AA1D7149CC9543B5BA407DB7</key>
		<dict>
			<key>includeInIndex</key>
			<string>1</string>
			<key>isa</key>
			<string>PBXFileReference</string>
			<key>lastKnownFileType</key>
			<string>sourcecode.c.h</string>
			<key>name</key>
			<string>UIScrollView.h</string>
			<key>path</key>
			<string>vendor/Pods/Headers/FoundationExtension/UIKitExtension/UIScrollView.h</string>
			<key>sourceTree</key>
			<string>SOURCE_ROOT</string>
		</dict>
		<key>ABE259015CFF48DD85D98385</key>
		<dict>
			<key>includeInIndex</key>
			<string>1</string>
			<key>isa</key>
			<string>PBXFileReference</string>
			<key>lastKnownFileType</key>
			<string>sourcecode.c.h</string>
			<key>name</key>
			<string>UIViewController.h</string>
			<key>path</key>
			<string>vendor/Pods/Headers/FoundationExtension/UIKitExtension/UIViewController.h</string>
			<key>sourceTree</key>
			<string>SOURCE_ROOT</string>
		</dict>
		<key>ABFD35D497274AD08ABB6616</key>
		<dict>
			<key>includeInIndex</key>
			<string>1</string>
			<key>isa</key>
			<string>PBXFileReference</string>
			<key>name</key>
			<string>Default-568h@2x.png</string>
			<key>path</key>
			<string>resources/Default-568h@2x.png</string>
			<key>sourceTree</key>
			<string>SOURCE_ROOT</string>
		</dict>
		<key>AC3ADFCE603149CE9C961A39</key>
		<dict>
			<key>children</key>
			<array>
				<string>669149C56C954E65B79066BF</string>
			</array>
			<key>isa</key>
			<string>PBXGroup</string>
			<key>name</key>
			<string>Products</string>
			<key>sourceTree</key>
			<string>&lt;group&gt;</string>
		</dict>
		<key>ACA1AA3B53444F839640CD68</key>
		<dict>
			<key>includeInIndex</key>
			<string>1</string>
			<key>isa</key>
			<string>PBXFileReference</string>
			<key>lastKnownFileType</key>
			<string>sourcecode.c.h</string>
			<key>name</key>
			<string>UITableView.h</string>
			<key>path</key>
			<string>vendor/Pods/Headers/FoundationExtension/UIKitExtension/UITableView.h</string>
			<key>sourceTree</key>
			<string>SOURCE_ROOT</string>
		</dict>
		<key>AE586BA8267743EAB5109490</key>
		<dict>
			<key>includeInIndex</key>
			<string>1</string>
			<key>isa</key>
			<string>PBXFileReference</string>
			<key>lastKnownFileType</key>
			<string>sourcecode.c.h</string>
			<key>name</key>
			<string>NSAttributedString.h</string>
			<key>path</key>
			<string>vendor/Pods/Headers/FoundationExtension/NSAttributedString.h</string>
			<key>sourceTree</key>
			<string>SOURCE_ROOT</string>
		</dict>
		<key>AE85CC11B1E54C1F914F6870</key>
		<dict>
			<key>includeInIndex</key>
			<string>1</string>
			<key>isa</key>
			<string>PBXFileReference</string>
			<key>lastKnownFileType</key>
			<string>wrapper.framework</string>
			<key>name</key>
			<string>CoreData.framework</string>
			<key>path</key>
			<string>Platforms/iPhoneOS.platform/Developer/SDKs/iPhoneOS6.1.sdk/System/Library/Frameworks/CoreData.framework</string>
			<key>sourceTree</key>
			<string>DEVELOPER_DIR</string>
		</dict>
		<key>B306CCFEB645455BBBE19F85</key>
		<dict>
			<key>includeInIndex</key>
			<string>1</string>
			<key>isa</key>
			<string>PBXFileReference</string>
			<key>lastKnownFileType</key>
			<string>sourcecode.c.h</string>
			<key>name</key>
			<string>NSDate.h</string>
			<key>path</key>
			<string>vendor/Pods/Headers/FoundationExtension/NSDate.h</string>
			<key>sourceTree</key>
			<string>SOURCE_ROOT</string>
		</dict>
		<key>B3DA898ED5D54AAF805F99F9</key>
		<dict>
			<key>includeInIndex</key>
			<string>1</string>
			<key>isa</key>
			<string>PBXFileReference</string>
			<key>lastKnownFileType</key>
			<string>sourcecode.c.h</string>
			<key>name</key>
			<string>UIImage.h</string>
			<key>path</key>
			<string>vendor/Pods/Headers/FoundationExtension/UIKitExtension/UIImage.h</string>
			<key>sourceTree</key>
			<string>SOURCE_ROOT</string>
		</dict>
		<key>B70467304C90405AAF5C364E</key>
		<dict>
			<key>buildSettings</key>
			<dict>
				<key>ALWAYS_SEARCH_USER_PATHS</key>
				<string>NO</string>
				<key>ARCHS</key>
				<string>$(ARCHS_STANDARD_32_BIT)</string>
				<key>COPY_PHASE_STRIP</key>
				<string>YES</string>
				<key>DSTROOT</key>
				<string>/tmp/xcodeproj.dst</string>
				<key>GCC_C_LANGUAGE_STANDARD</key>
				<string>gnu99</string>
				<key>GCC_PRECOMPILE_PREFIX_HEADER</key>
				<string>YES</string>
				<key>GCC_VERSION</key>
				<string>com.apple.compilers.llvm.clang.1_0</string>
				<key>INSTALL_PATH</key>
				<string>$(BUILT_PRODUCTS_DIR)</string>
				<key>IPHONEOS_DEPLOYMENT_TARGET</key>
				<string>4.3</string>
				<key>OTHER_CFLAGS</key>
				<array>
					<string>-DNS_BLOCK_ASSERTIONS=1</string>
					<string>$(inherited)</string>
				</array>
				<key>OTHER_CPLUSPLUSFLAGS</key>
				<array>
					<string>-DNS_BLOCK_ASSERTIONS=1</string>
					<string>$(inherited)</string>
				</array>
				<key>OTHER_LDFLAGS</key>
				<string></string>
				<key>PRODUCT_NAME</key>
				<string>$(TARGET_NAME)</string>
				<key>PUBLIC_HEADERS_FOLDER_PATH</key>
				<string>$(TARGET_NAME)</string>
				<key>SDKROOT</key>
				<string>iphoneos</string>
				<key>SKIP_INSTALL</key>
				<string>YES</string>
				<key>VALIDATE_PRODUCT</key>
				<string>YES</string>
			</dict>
			<key>isa</key>
			<string>XCBuildConfiguration</string>
			<key>name</key>
			<string>Release</string>
		</dict>
		<key>B764604C59F747A8B7FEEBD7</key>
		<dict>
			<key>includeInIndex</key>
			<string>1</string>
			<key>isa</key>
			<string>PBXFileReference</string>
			<key>lastKnownFileType</key>
			<string>sourcecode.c.h</string>
			<key>name</key>
			<string>NSData.h</string>
			<key>path</key>
			<string>vendor/Pods/Headers/FoundationExtension/NSData.h</string>
			<key>sourceTree</key>
			<string>SOURCE_ROOT</string>
		</dict>
		<key>C091B55BF6A0487380FCA334</key>
		<dict>
			<key>children</key>
			<array>
				<string>181EE8FEE17D4EA982C308A0</string>
				<string>1163D16087984B51869DBB52</string>
			</array>
			<key>isa</key>
			<string>PBXGroup</string>
			<key>name</key>
			<string>Supporting Files</string>
			<key>path</key>
			<string>ib.xcodeproj</string>
			<key>sourceTree</key>
			<string>&lt;group&gt;</string>
		</dict>
		<key>C0F7A996FDA748729BEDA746</key>
		<dict>
			<key>buildSettings</key>
			<dict/>
			<key>isa</key>
			<string>XCBuildConfiguration</string>
			<key>name</key>
			<string>Debug</string>
		</dict>
		<key>C47F0B3A8D264F99B1E8C9DD</key>
		<dict>
			<key>includeInIndex</key>
			<string>1</string>
			<key>isa</key>
			<string>PBXFileReference</string>
			<key>lastKnownFileType</key>
			<string>sourcecode.c.h</string>
			<key>name</key>
			<string>NSAOverridingMediator.h</string>
			<key>path</key>
			<string>vendor/Pods/Headers/FoundationExtension/NSAOverridingMediator.h</string>
			<key>sourceTree</key>
			<string>SOURCE_ROOT</string>
		</dict>
		<key>C51B036773F2473DADCE8102</key>
		<dict>
			<key>buildSettings</key>
			<dict/>
			<key>isa</key>
			<string>XCBuildConfiguration</string>
			<key>name</key>
			<string>Release</string>
		</dict>
		<key>CCCFA100A483407A866F7D10</key>
		<dict>
			<key>includeInIndex</key>
			<string>1</string>
			<key>isa</key>
			<string>PBXFileReference</string>
			<key>lastKnownFileType</key>
			<string>sourcecode.c.h</string>
			<key>name</key>
			<string>UIApplication.h</string>
			<key>path</key>
			<string>vendor/Pods/Headers/FoundationExtension/UIKitExtension/UIApplication.h</string>
			<key>sourceTree</key>
			<string>SOURCE_ROOT</string>
		</dict>
		<key>CD156805D6EE4E4389D0E91A</key>
		<dict>
			<key>includeInIndex</key>
			<string>1</string>
			<key>isa</key>
			<string>PBXFileReference</string>
			<key>lastKnownFileType</key>
			<string>sourcecode.c.h</string>
			<key>name</key>
			<string>UI7TableView.h</string>
			<key>path</key>
			<string>vendor/Pods/Headers/UI7Kit/UI7Kit/UI7TableView.h</string>
			<key>sourceTree</key>
			<string>SOURCE_ROOT</string>
		</dict>
		<key>CEA2F0B09EB24BA0AF2EEB33</key>
		<dict>
			<key>includeInIndex</key>
			<string>1</string>
			<key>isa</key>
			<string>PBXFileReference</string>
			<key>lastKnownFileType</key>
			<string>sourcecode.c.h</string>
			<key>name</key>
			<string>NSADictionary.h</string>
			<key>path</key>
			<string>vendor/Pods/Headers/FoundationExtension/NSADictionary.h</string>
			<key>sourceTree</key>
			<string>SOURCE_ROOT</string>
		</dict>
		<key>D0C441FBA6AB437D836D8BB5</key>
		<dict>
			<key>includeInIndex</key>
			<string>1</string>
			<key>isa</key>
			<string>PBXFileReference</string>
			<key>lastKnownFileType</key>
			<string>wrapper.framework</string>
			<key>name</key>
			<string>QuartzCore.framework</string>
			<key>path</key>
			<string>Platforms/iPhoneOS.platform/Developer/SDKs/iPhoneOS6.1.sdk/System/Library/Frameworks/QuartzCore.framework</string>
			<key>sourceTree</key>
			<string>DEVELOPER_DIR</string>
		</dict>
		<key>D27E35B8DDAB44E38897FE1C</key>
		<dict>
			<key>includeInIndex</key>
			<string>1</string>
			<key>isa</key>
			<string>PBXFileReference</string>
			<key>lastKnownFileType</key>
			<string>sourcecode.c.h</string>
			<key>name</key>
			<string>NSAttributedString+UIKit.h</string>
			<key>path</key>
			<string>vendor/Pods/Headers/FoundationExtension/UIKitExtension/NSAttributedString+UIKit.h</string>
			<key>sourceTree</key>
			<string>SOURCE_ROOT</string>
		</dict>
		<key>D907F54D766842E2AE773B7C</key>
		<dict>
			<key>buildSettings</key>
			<dict>
				<key>ALWAYS_SEARCH_USER_PATHS</key>
				<string>NO</string>
				<key>ARCHS</key>
				<string>$(ARCHS_STANDARD_32_BIT)</string>
				<key>COPY_PHASE_STRIP</key>
				<string>NO</string>
				<key>DSTROOT</key>
				<string>/tmp/xcodeproj.dst</string>
				<key>GCC_C_LANGUAGE_STANDARD</key>
				<string>gnu99</string>
				<key>GCC_DYNAMIC_NO_PIC</key>
				<string>NO</string>
				<key>GCC_OPTIMIZATION_LEVEL</key>
				<string>0</string>
				<key>GCC_PRECOMPILE_PREFIX_HEADER</key>
				<string>YES</string>
				<key>GCC_PREPROCESSOR_DEFINITIONS</key>
				<array>
					<string>DEBUG=1</string>
					<string>$(inherited)</string>
				</array>
				<key>GCC_SYMBOLS_PRIVATE_EXTERN</key>
				<string>NO</string>
				<key>GCC_VERSION</key>
				<string>com.apple.compilers.llvm.clang.1_0</string>
				<key>INSTALL_PATH</key>
				<string>$(BUILT_PRODUCTS_DIR)</string>
				<key>IPHONEOS_DEPLOYMENT_TARGET</key>
				<string>4.3</string>
				<key>OTHER_LDFLAGS</key>
				<string></string>
				<key>PRODUCT_NAME</key>
				<string>$(TARGET_NAME)</string>
				<key>PUBLIC_HEADERS_FOLDER_PATH</key>
				<string>$(TARGET_NAME)</string>
				<key>SDKROOT</key>
				<string>iphoneos</string>
				<key>SKIP_INSTALL</key>
				<string>YES</string>
			</dict>
			<key>isa</key>
			<string>XCBuildConfiguration</string>
			<key>name</key>
			<string>Debug</string>
		</dict>
		<key>DBDC88B6F2FE44E5B08B23A5</key>
		<dict>
			<key>includeInIndex</key>
			<string>1</string>
			<key>isa</key>
			<string>PBXFileReference</string>
			<key>lastKnownFileType</key>
			<string>sourcecode.c.h</string>
			<key>name</key>
			<string>UI7AlertView.h</string>
			<key>path</key>
			<string>vendor/Pods/Headers/UI7Kit/UI7Kit/UI7AlertView.h</string>
			<key>sourceTree</key>
			<string>SOURCE_ROOT</string>
		</dict>
		<key>DC7DBA111018456F96728CA6</key>
		<dict>
			<key>includeInIndex</key>
			<string>1</string>
			<key>isa</key>
			<string>PBXFileReference</string>
			<key>lastKnownFileType</key>
			<string>sourcecode.c.h</string>
			<key>name</key>
			<string>UIView.h</string>
			<key>path</key>
			<string>vendor/Pods/Headers/FoundationExtension/UIKitExtension/UIView.h</string>
			<key>sourceTree</key>
			<string>SOURCE_ROOT</string>
		</dict>
		<key>DCE8EAE75B7540ABB8CC269B</key>
		<dict>
			<key>buildActionMask</key>
			<string>2147483647</string>
			<key>files</key>
			<array>
				<string>564754E4A0B1447FB08C9A99</string>
			</array>
			<key>isa</key>
			<string>PBXSourcesBuildPhase</string>
			<key>runOnlyForDeploymentPostprocessing</key>
			<string>0</string>
		</dict>
		<key>E5D6B41A17B74C4386C23DE0</key>
		<dict>
			<key>includeInIndex</key>
			<string>1</string>
			<key>isa</key>
			<string>PBXFileReference</string>
			<key>name</key>
			<string>WelcomeViewController.xib</string>
			<key>path</key>
			<string>resources/WelcomeViewController.xib</string>
			<key>sourceTree</key>
			<string>SOURCE_ROOT</string>
		</dict>
		<key>E67B719786884FC6936F8290</key>
		<dict>
			<key>includeInIndex</key>
			<string>1</string>
			<key>isa</key>
			<string>PBXFileReference</string>
			<key>lastKnownFileType</key>
			<string>sourcecode.c.h</string>
			<key>name</key>
			<string>NSJSONSerialization.h</string>
			<key>path</key>
			<string>vendor/Pods/Headers/FoundationExtension/NSJSONSerialization.h</string>
			<key>sourceTree</key>
			<string>SOURCE_ROOT</string>
		</dict>
		<key>E6CF265A652F4C699A3DA57F</key>
		<dict>
			<key>attributes</key>
			<dict>
				<key>LastUpgradeCheck</key>
				<string>0450</string>
			</dict>
			<key>buildConfigurationList</key>
			<string>648263C885184BF0A0268160</string>
			<key>compatibilityVersion</key>
			<string>Xcode 3.2</string>
			<key>developmentRegion</key>
			<string>English</string>
			<key>hasScannedForEncodings</key>
			<string>0</string>
			<key>isa</key>
			<string>PBXProject</string>
			<key>knownRegions</key>
			<array>
				<string>en</string>
			</array>
			<key>mainGroup</key>
			<string>5D529F9932CE4C679E68C87E</string>
			<key>productRefGroup</key>
			<string>AC3ADFCE603149CE9C961A39</string>
			<key>projectReferences</key>
			<array/>
			<key>targets</key>
			<array>
				<string>853F6A4528B44312AD857821</string>
			</array>
		</dict>
		<key>EB5BB5B38FAC4814BFD937DC</key>
		<dict>
			<key>includeInIndex</key>
			<string>1</string>
			<key>isa</key>
			<string>PBXFileReference</string>
			<key>lastKnownFileType</key>
			<string>sourcecode.c.h</string>
			<key>name</key>
			<string>UIAResultDisplayController.h</string>
			<key>path</key>
			<string>vendor/Pods/Headers/FoundationExtension/UIKitExtension/UIAResultDisplayController.h</string>
			<key>sourceTree</key>
			<string>SOURCE_ROOT</string>
		</dict>
		<key>F4BD4E53424E4F03BB3C8BCB</key>
		<dict>
			<key>includeInIndex</key>
			<string>1</string>
			<key>isa</key>
			<string>PBXFileReference</string>
			<key>lastKnownFileType</key>
			<string>sourcecode.c.h</string>
			<key>name</key>
			<string>UI7ViewController.h</string>
			<key>path</key>
			<string>vendor/Pods/Headers/UI7Kit/UI7Kit/UI7ViewController.h</string>
			<key>sourceTree</key>
			<string>SOURCE_ROOT</string>
		</dict>
		<key>FB1EF38F532841E7A0D7A5FA</key>
		<dict>
			<key>includeInIndex</key>
			<string>1</string>
			<key>isa</key>
			<string>PBXFileReference</string>
			<key>lastKnownFileType</key>
			<string>sourcecode.c.h</string>
			<key>name</key>
			<string>FoundationExtension.h</string>
			<key>path</key>
			<string>vendor/Pods/Headers/FoundationExtension/FoundationExtension.h</string>
			<key>sourceTree</key>
			<string>SOURCE_ROOT</string>
		</dict>
	</dict>
	<key>rootObject</key>
	<string>E6CF265A652F4C699A3DA57F</string>
</dict>
</plist>
